<?xml version="1.0" encoding="utf-8"?>
<Project ToolsVersion="4.0" xmlns="http://schemas.microsoft.com/developer/msbuild/2003">
  <ItemGroup>
    <Filter Include="include">
      <UniqueIdentifier>{1447ff80-e63e-42d0-aad7-b8992033a2bc}</UniqueIdentifier>
    </Filter>
    <Filter Include="src">
      <UniqueIdentifier>{5ff3b73d-5e83-4ae9-a1b1-df183b65f018}</UniqueIdentifier>
    </Filter>
  </ItemGroup>
  <ItemGroup>
    <ClInclude Include="WerewolfServer.h">
      <Filter>include</Filter>
    </ClInclude>
    <ClInclude Include="Role.h">
      <Filter>include</Filter>
    </ClInclude>
  </ItemGroup>
  <ItemGroup>
    <ClCompile Include="main_server.cpp">
      <Filter>src</Filter>
    </ClCompile>
    <ClCompile Include="WerewolfServer.cpp">
      <Filter>src</Filter>
    </ClCompile>
  </ItemGroup>
</Project>